
Microsoft Visual Studio Solution File, Format Version 12.00
# Visual Studio 15
VisualStudioVersion = 15.0.27130.2026
MinimumVisualStudioVersion = 10.0.40219.1
Project("{FAE04EC0-301F-11D3-BF4B-00C04F79EFBC}") = "WinIoT_HatLib", "WinIoT_HatLib\WinIoT_HatLib.csproj", "{C51F1916-1EA9-4EBF-B41F-F85960CB12B7}"
EndProject
Project("{FAE04EC0-301F-11D3-BF4B-00C04F79EFBC}") = "Example_Win10IoT_StatusBoard", "Example_Win10IoT_StatusBoard\Example_Win10IoT_StatusBoard.csproj", "{C7CDC87E-1520-40B1-86F3-6FF65435C03B}"
EndProject
Project("{FAE04EC0-301F-11D3-BF4B-00C04F79EFBC}") = "Example_Win10IoT_ZeroSeg", "Example_Win10IoT_ZeroSeg\Example_Win10IoT_ZeroSeg.csproj", "{C4336AC2-2C00-4A10-8494-4384B6BEF0FC}"
EndProject
Project("{FAE04EC0-301F-11D3-BF4B-00C04F79EFBC}") = "Example_Win10IoT_PCA9685", "Example_Win10IoT_PCA9685\Example_Win10IoT_PCA9685.csproj", "{C8E20F21-A312-43CF-8B05-D2CF3F0AED4E}"
EndProject
Project("{FAE04EC0-301F-11D3-BF4B-00C04F79EFBC}") = "Example_Win10IoT_DiscoverableInterfaces", "Example_Win10IoT_DiscoverableInterfaces\Example_Win10IoT_DiscoverableInterfaces.csproj", "{49FAC0AD-A74F-40E6-A691-DFF03FCBAC3B}"
EndProject
Project("{FAE04EC0-301F-11D3-BF4B-00C04F79EFBC}") = "Example_Win10Iot_Joypad", "Example_Win10Iot_Joypad\Example_Win10Iot_Joypad.csproj", "{468CC65C-BF76-4E67-B0C5-DC57D3A32176}"
EndProject
Global
	GlobalSection(SolutionConfigurationPlatforms) = preSolution
		Debug|Any CPU = Debug|Any CPU
		Debug|ARM = Debug|ARM
		Debug|x64 = Debug|x64
		Debug|x86 = Debug|x86
		Release|Any CPU = Release|Any CPU
		Release|ARM = Release|ARM
		Release|x64 = Release|x64
		Release|x86 = Release|x86
	EndGlobalSection
	GlobalSection(ProjectConfigurationPlatforms) = postSolution
		{C51F1916-1EA9-4EBF-B41F-F85960CB12B7}.Debug|Any CPU.ActiveCfg = Debug|ARM
		{C51F1916-1EA9-4EBF-B41F-F85960CB12B7}.Debug|Any CPU.Build.0 = Debug|ARM
		{C51F1916-1EA9-4EBF-B41F-F85960CB12B7}.Debug|ARM.ActiveCfg = Debug|ARM
		{C51F1916-1EA9-4EBF-B41F-F85960CB12B7}.Debug|ARM.Build.0 = Debug|ARM
		{C51F1916-1EA9-4EBF-B41F-F85960CB12B7}.Debug|x64.ActiveCfg = Debug|x64
		{C51F1916-1EA9-4EBF-B41F-F85960CB12B7}.Debug|x64.Build.0 = Debug|x64
		{C51F1916-1EA9-4EBF-B41F-F85960CB12B7}.Debug|x86.ActiveCfg = Debug|x86
		{C51F1916-1EA9-4EBF-B41F-F85960CB12B7}.Debug|x86.Build.0 = Debug|x86
		{C51F1916-1EA9-4EBF-B41F-F85960CB12B7}.Release|Any CPU.ActiveCfg = Release|ARM
		{C51F1916-1EA9-4EBF-B41F-F85960CB12B7}.Release|Any CPU.Build.0 = Release|ARM
		{C51F1916-1EA9-4EBF-B41F-F85960CB12B7}.Release|ARM.ActiveCfg = Release|ARM
		{C51F1916-1EA9-4EBF-B41F-F85960CB12B7}.Release|ARM.Build.0 = Release|ARM
		{C51F1916-1EA9-4EBF-B41F-F85960CB12B7}.Release|x64.ActiveCfg = Release|x64
		{C51F1916-1EA9-4EBF-B41F-F85960CB12B7}.Release|x64.Build.0 = Release|x64
		{C51F1916-1EA9-4EBF-B41F-F85960CB12B7}.Release|x86.ActiveCfg = Release|x86
		{C51F1916-1EA9-4EBF-B41F-F85960CB12B7}.Release|x86.Build.0 = Release|x86
		{C7CDC87E-1520-40B1-86F3-6FF65435C03B}.Debug|Any CPU.ActiveCfg = Debug|ARM
		{C7CDC87E-1520-40B1-86F3-6FF65435C03B}.Debug|Any CPU.Build.0 = Debug|ARM
		{C7CDC87E-1520-40B1-86F3-6FF65435C03B}.Debug|Any CPU.Deploy.0 = Debug|ARM
		{C7CDC87E-1520-40B1-86F3-6FF65435C03B}.Debug|ARM.ActiveCfg = Debug|ARM
		{C7CDC87E-1520-40B1-86F3-6FF65435C03B}.Debug|ARM.Build.0 = Debug|ARM
		{C7CDC87E-1520-40B1-86F3-6FF65435C03B}.Debug|ARM.Deploy.0 = Debug|ARM
		{C7CDC87E-1520-40B1-86F3-6FF65435C03B}.Debug|x64.ActiveCfg = Debug|x64
		{C7CDC87E-1520-40B1-86F3-6FF65435C03B}.Debug|x64.Build.0 = Debug|x64
		{C7CDC87E-1520-40B1-86F3-6FF65435C03B}.Debug|x64.Deploy.0 = Debug|x64
		{C7CDC87E-1520-40B1-86F3-6FF65435C03B}.Debug|x86.ActiveCfg = Debug|x86
		{C7CDC87E-1520-40B1-86F3-6FF65435C03B}.Debug|x86.Build.0 = Debug|x86
		{C7CDC87E-1520-40B1-86F3-6FF65435C03B}.Debug|x86.Deploy.0 = Debug|x86
		{C7CDC87E-1520-40B1-86F3-6FF65435C03B}.Release|Any CPU.ActiveCfg = Release|ARM
		{C7CDC87E-1520-40B1-86F3-6FF65435C03B}.Release|Any CPU.Build.0 = Release|ARM
		{C7CDC87E-1520-40B1-86F3-6FF65435C03B}.Release|Any CPU.Deploy.0 = Release|ARM
		{C7CDC87E-1520-40B1-86F3-6FF65435C03B}.Release|ARM.ActiveCfg = Release|ARM
		{C7CDC87E-1520-40B1-86F3-6FF65435C03B}.Release|ARM.Build.0 = Release|ARM
		{C7CDC87E-1520-40B1-86F3-6FF65435C03B}.Release|ARM.Deploy.0 = Release|ARM
		{C7CDC87E-1520-40B1-86F3-6FF65435C03B}.Release|x64.ActiveCfg = Release|x64
		{C7CDC87E-1520-40B1-86F3-6FF65435C03B}.Release|x64.Build.0 = Release|x64
		{C7CDC87E-1520-40B1-86F3-6FF65435C03B}.Release|x64.Deploy.0 = Release|x64
		{C7CDC87E-1520-40B1-86F3-6FF65435C03B}.Release|x86.ActiveCfg = Release|x86
		{C7CDC87E-1520-40B1-86F3-6FF65435C03B}.Release|x86.Build.0 = Release|x86
		{C7CDC87E-1520-40B1-86F3-6FF65435C03B}.Release|x86.Deploy.0 = Release|x86
		{C4336AC2-2C00-4A10-8494-4384B6BEF0FC}.Debug|Any CPU.ActiveCfg = Debug|ARM
		{C4336AC2-2C00-4A10-8494-4384B6BEF0FC}.Debug|Any CPU.Build.0 = Debug|ARM
		{C4336AC2-2C00-4A10-8494-4384B6BEF0FC}.Debug|Any CPU.Deploy.0 = Debug|ARM
		{C4336AC2-2C00-4A10-8494-4384B6BEF0FC}.Debug|ARM.ActiveCfg = Debug|ARM
		{C4336AC2-2C00-4A10-8494-4384B6BEF0FC}.Debug|ARM.Build.0 = Debug|ARM
		{C4336AC2-2C00-4A10-8494-4384B6BEF0FC}.Debug|ARM.Deploy.0 = Debug|ARM
		{C4336AC2-2C00-4A10-8494-4384B6BEF0FC}.Debug|x64.ActiveCfg = Debug|x64
		{C4336AC2-2C00-4A10-8494-4384B6BEF0FC}.Debug|x64.Build.0 = Debug|x64
		{C4336AC2-2C00-4A10-8494-4384B6BEF0FC}.Debug|x64.Deploy.0 = Debug|x64
		{C4336AC2-2C00-4A10-8494-4384B6BEF0FC}.Debug|x86.ActiveCfg = Debug|x86
		{C4336AC2-2C00-4A10-8494-4384B6BEF0FC}.Debug|x86.Build.0 = Debug|x86
		{C4336AC2-2C00-4A10-8494-4384B6BEF0FC}.Debug|x86.Deploy.0 = Debug|x86
		{C4336AC2-2C00-4A10-8494-4384B6BEF0FC}.Release|Any CPU.ActiveCfg = Release|ARM
		{C4336AC2-2C00-4A10-8494-4384B6BEF0FC}.Release|Any CPU.Build.0 = Release|ARM
		{C4336AC2-2C00-4A10-8494-4384B6BEF0FC}.Release|Any CPU.Deploy.0 = Release|ARM
		{C4336AC2-2C00-4A10-8494-4384B6BEF0FC}.Release|ARM.ActiveCfg = Release|ARM
		{C4336AC2-2C00-4A10-8494-4384B6BEF0FC}.Release|ARM.Build.0 = Release|ARM
		{C4336AC2-2C00-4A10-8494-4384B6BEF0FC}.Release|ARM.Deploy.0 = Release|ARM
		{C4336AC2-2C00-4A10-8494-4384B6BEF0FC}.Release|x64.ActiveCfg = Release|x64
		{C4336AC2-2C00-4A10-8494-4384B6BEF0FC}.Release|x64.Build.0 = Release|x64
		{C4336AC2-2C00-4A10-8494-4384B6BEF0FC}.Release|x64.Deploy.0 = Release|x64
		{C4336AC2-2C00-4A10-8494-4384B6BEF0FC}.Release|x86.ActiveCfg = Release|x86
		{C4336AC2-2C00-4A10-8494-4384B6BEF0FC}.Release|x86.Build.0 = Release|x86
		{C4336AC2-2C00-4A10-8494-4384B6BEF0FC}.Release|x86.Deploy.0 = Release|x86
		{C8E20F21-A312-43CF-8B05-D2CF3F0AED4E}.Debug|Any CPU.ActiveCfg = Debug|ARM
		{C8E20F21-A312-43CF-8B05-D2CF3F0AED4E}.Debug|Any CPU.Build.0 = Debug|ARM
		{C8E20F21-A312-43CF-8B05-D2CF3F0AED4E}.Debug|Any CPU.Deploy.0 = Debug|ARM
		{C8E20F21-A312-43CF-8B05-D2CF3F0AED4E}.Debug|ARM.ActiveCfg = Debug|ARM
		{C8E20F21-A312-43CF-8B05-D2CF3F0AED4E}.Debug|ARM.Build.0 = Debug|ARM
		{C8E20F21-A312-43CF-8B05-D2CF3F0AED4E}.Debug|ARM.Deploy.0 = Debug|ARM
		{C8E20F21-A312-43CF-8B05-D2CF3F0AED4E}.Debug|x64.ActiveCfg = Debug|x64
		{C8E20F21-A312-43CF-8B05-D2CF3F0AED4E}.Debug|x64.Build.0 = Debug|x64
		{C8E20F21-A312-43CF-8B05-D2CF3F0AED4E}.Debug|x64.Deploy.0 = Debug|x64
		{C8E20F21-A312-43CF-8B05-D2CF3F0AED4E}.Debug|x86.ActiveCfg = Debug|x86
		{C8E20F21-A312-43CF-8B05-D2CF3F0AED4E}.Debug|x86.Build.0 = Debug|x86
		{C8E20F21-A312-43CF-8B05-D2CF3F0AED4E}.Debug|x86.Deploy.0 = Debug|x86
		{C8E20F21-A312-43CF-8B05-D2CF3F0AED4E}.Release|Any CPU.ActiveCfg = Release|ARM
		{C8E20F21-A312-43CF-8B05-D2CF3F0AED4E}.Release|Any CPU.Build.0 = Release|ARM
		{C8E20F21-A312-43CF-8B05-D2CF3F0AED4E}.Release|Any CPU.Deploy.0 = Release|ARM
		{C8E20F21-A312-43CF-8B05-D2CF3F0AED4E}.Release|ARM.ActiveCfg = Release|ARM
		{C8E20F21-A312-43CF-8B05-D2CF3F0AED4E}.Release|ARM.Build.0 = Release|ARM
		{C8E20F21-A312-43CF-8B05-D2CF3F0AED4E}.Release|ARM.Deploy.0 = Release|ARM
		{C8E20F21-A312-43CF-8B05-D2CF3F0AED4E}.Release|x64.ActiveCfg = Release|x64
		{C8E20F21-A312-43CF-8B05-D2CF3F0AED4E}.Release|x64.Build.0 = Release|x64
		{C8E20F21-A312-43CF-8B05-D2CF3F0AED4E}.Release|x64.Deploy.0 = Release|x64
		{C8E20F21-A312-43CF-8B05-D2CF3F0AED4E}.Release|x86.ActiveCfg = Release|x86
		{C8E20F21-A312-43CF-8B05-D2CF3F0AED4E}.Release|x86.Build.0 = Release|x86
		{C8E20F21-A312-43CF-8B05-D2CF3F0AED4E}.Release|x86.Deploy.0 = Release|x86
		{49FAC0AD-A74F-40E6-A691-DFF03FCBAC3B}.Debug|Any CPU.ActiveCfg = Debug|ARM
		{49FAC0AD-A74F-40E6-A691-DFF03FCBAC3B}.Debug|Any CPU.Build.0 = Debug|ARM
		{49FAC0AD-A74F-40E6-A691-DFF03FCBAC3B}.Debug|Any CPU.Deploy.0 = Debug|ARM
		{49FAC0AD-A74F-40E6-A691-DFF03FCBAC3B}.Debug|ARM.ActiveCfg = Debug|ARM
		{49FAC0AD-A74F-40E6-A691-DFF03FCBAC3B}.Debug|ARM.Build.0 = Debug|ARM
		{49FAC0AD-A74F-40E6-A691-DFF03FCBAC3B}.Debug|ARM.Deploy.0 = Debug|ARM
		{49FAC0AD-A74F-40E6-A691-DFF03FCBAC3B}.Debug|x64.ActiveCfg = Debug|x64
		{49FAC0AD-A74F-40E6-A691-DFF03FCBAC3B}.Debug|x64.Build.0 = Debug|x64
		{49FAC0AD-A74F-40E6-A691-DFF03FCBAC3B}.Debug|x64.Deploy.0 = Debug|x64
		{49FAC0AD-A74F-40E6-A691-DFF03FCBAC3B}.Debug|x86.ActiveCfg = Debug|x86
		{49FAC0AD-A74F-40E6-A691-DFF03FCBAC3B}.Debug|x86.Build.0 = Debug|x86
		{49FAC0AD-A74F-40E6-A691-DFF03FCBAC3B}.Debug|x86.Deploy.0 = Debug|x86
		{49FAC0AD-A74F-40E6-A691-DFF03FCBAC3B}.Release|Any CPU.ActiveCfg = Release|ARM
		{49FAC0AD-A74F-40E6-A691-DFF03FCBAC3B}.Release|Any CPU.Build.0 = Release|ARM
		{49FAC0AD-A74F-40E6-A691-DFF03FCBAC3B}.Release|Any CPU.Deploy.0 = Release|ARM
		{49FAC0AD-A74F-40E6-A691-DFF03FCBAC3B}.Release|ARM.ActiveCfg = Release|ARM
		{49FAC0AD-A74F-40E6-A691-DFF03FCBAC3B}.Release|ARM.Build.0 = Release|ARM
		{49FAC0AD-A74F-40E6-A691-DFF03FCBAC3B}.Release|ARM.Deploy.0 = Release|ARM
		{49FAC0AD-A74F-40E6-A691-DFF03FCBAC3B}.Release|x64.ActiveCfg = Release|x64
		{49FAC0AD-A74F-40E6-A691-DFF03FCBAC3B}.Release|x64.Build.0 = Release|x64
		{49FAC0AD-A74F-40E6-A691-DFF03FCBAC3B}.Release|x64.Deploy.0 = Release|x64
		{49FAC0AD-A74F-40E6-A691-DFF03FCBAC3B}.Release|x86.ActiveCfg = Release|x86
		{49FAC0AD-A74F-40E6-A691-DFF03FCBAC3B}.Release|x86.Build.0 = Release|x86
		{49FAC0AD-A74F-40E6-A691-DFF03FCBAC3B}.Release|x86.Deploy.0 = Release|x86
		{468CC65C-BF76-4E67-B0C5-DC57D3A32176}.Debug|Any CPU.ActiveCfg = Debug|ARM
		{468CC65C-BF76-4E67-B0C5-DC57D3A32176}.Debug|Any CPU.Build.0 = Debug|ARM
		{468CC65C-BF76-4E67-B0C5-DC57D3A32176}.Debug|Any CPU.Deploy.0 = Debug|ARM
		{468CC65C-BF76-4E67-B0C5-DC57D3A32176}.Debug|ARM.ActiveCfg = Debug|ARM
		{468CC65C-BF76-4E67-B0C5-DC57D3A32176}.Debug|ARM.Build.0 = Debug|ARM
		{468CC65C-BF76-4E67-B0C5-DC57D3A32176}.Debug|ARM.Deploy.0 = Debug|ARM
		{468CC65C-BF76-4E67-B0C5-DC57D3A32176}.Debug|x64.ActiveCfg = Debug|x64
		{468CC65C-BF76-4E67-B0C5-DC57D3A32176}.Debug|x64.Build.0 = Debug|x64
		{468CC65C-BF76-4E67-B0C5-DC57D3A32176}.Debug|x64.Deploy.0 = Debug|x64
		{468CC65C-BF76-4E67-B0C5-DC57D3A32176}.Debug|x86.ActiveCfg = Debug|x86
		{468CC65C-BF76-4E67-B0C5-DC57D3A32176}.Debug|x86.Build.0 = Debug|x86
		{468CC65C-BF76-4E67-B0C5-DC57D3A32176}.Debug|x86.Deploy.0 = Debug|x86
		{468CC65C-BF76-4E67-B0C5-DC57D3A32176}.Release|Any CPU.ActiveCfg = Release|ARM
		{468CC65C-BF76-4E67-B0C5-DC57D3A32176}.Release|Any CPU.Build.0 = Release|ARM
		{468CC65C-BF76-4E67-B0C5-DC57D3A32176}.Release|Any CPU.Deploy.0 = Release|ARM
		{468CC65C-BF76-4E67-B0C5-DC57D3A32176}.Release|ARM.ActiveCfg = Release|ARM
		{468CC65C-BF76-4E67-B0C5-DC57D3A32176}.Release|ARM.Build.0 = Release|ARM
		{468CC65C-BF76-4E67-B0C5-DC57D3A32176}.Release|ARM.Deploy.0 = Release|ARM
		{468CC65C-BF76-4E67-B0C5-DC57D3A32176}.Release|x64.ActiveCfg = Release|x64
		{468CC65C-BF76-4E67-B0C5-DC57D3A32176}.Release|x64.Build.0 = Release|x64
		{468CC65C-BF76-4E67-B0C5-DC57D3A32176}.Release|x64.Deploy.0 = Release|x64
		{468CC65C-BF76-4E67-B0C5-DC57D3A32176}.Release|x86.ActiveCfg = Release|x86
		{468CC65C-BF76-4E67-B0C5-DC57D3A32176}.Release|x86.Build.0 = Release|x86
		{468CC65C-BF76-4E67-B0C5-DC57D3A32176}.Release|x86.Deploy.0 = Release|x86
	EndGlobalSection
	GlobalSection(SolutionProperties) = preSolution
		HideSolutionNode = FALSE
	EndGlobalSection
	GlobalSection(ExtensibilityGlobals) = postSolution
		SolutionGuid = {BF244FCD-C083-49DB-A7E8-9230AAC48973}
	EndGlobalSection
EndGlobal
